// !$*UTF8*$!
{
	archiveVersion = 1;
	classes = {
	};
	objectVersion = 46;
	objects = {

/* Begin PBXBuildFile section */
		73E644151E23A6370025563C /* AppDelegate.swift in Sources */ = {isa = PBXBuildFile; fileRef = 73E644141E23A6370025563C /* AppDelegate.swift */; };
		73E644171E23A6370025563C /* ViewController.swift in Sources */ = {isa = PBXBuildFile; fileRef = 73E644161E23A6370025563C /* ViewController.swift */; };
		73E6441A1E23A6370025563C /* Main.storyboard in Resources */ = {isa = PBXBuildFile; fileRef = 73E644181E23A6370025563C /* Main.storyboard */; };
		73E6441C1E23A6370025563C /* Assets.xcassets in Resources */ = {isa = PBXBuildFile; fileRef = 73E6441B1E23A6370025563C /* Assets.xcassets */; };
		73E6441F1E23A6370025563C /* LaunchScreen.storyboard in Resources */ = {isa = PBXBuildFile; fileRef = 73E6441D1E23A6370025563C /* LaunchScreen.storyboard */; };
		BCB3134249E656AB98E6D91C /* Pods_ExampleReduxAuthGithub.framework in Frameworks */ = {isa = PBXBuildFile; fileRef = 5C2900AF60599E8579531158 /* Pods_ExampleReduxAuthGithub.framework */; };
/* End PBXBuildFile section */

/* Begin PBXFileReference section */
		008FF70C01FFD6896B7DC6D1 /* Pods-ExampleReduxAuthGithub.debug.xcconfig */ = {isa = PBXFileReference; includeInIndex = 1; lastKnownFileType = text.xcconfig; name = "Pods-ExampleReduxAuthGithub.debug.xcconfig"; path = "Pods/Target Support Files/Pods-ExampleReduxAuthGithub/Pods-ExampleReduxAuthGithub.debug.xcconfig"; sourceTree = "<group>"; };
		5C2900AF60599E8579531158 /* Pods_ExampleReduxAuthGithub.framework */ = {isa = PBXFileReference; explicitFileType = wrapper.framework; includeInIndex = 0; path = Pods_ExampleReduxAuthGithub.framework; sourceTree = BUILT_PRODUCTS_DIR; };
		73E644111E23A6370025563C /* ExampleReduxAuthGithub.app */ = {isa = PBXFileReference; explicitFileType = wrapper.application; includeInIndex = 0; path = ExampleReduxAuthGithub.app; sourceTree = BUILT_PRODUCTS_DIR; };
		73E644141E23A6370025563C /* AppDelegate.swift */ = {isa = PBXFileReference; lastKnownFileType = sourcecode.swift; path = AppDelegate.swift; sourceTree = "<group>"; };
		73E644161E23A6370025563C /* ViewController.swift */ = {isa = PBXFileReference; lastKnownFileType = sourcecode.swift; path = ViewController.swift; sourceTree = "<group>"; };
		73E644191E23A6370025563C /* Base */ = {isa = PBXFileReference; lastKnownFileType = file.storyboard; name = Base; path = Base.lproj/Main.storyboard; sourceTree = "<group>"; };
		73E6441B1E23A6370025563C /* Assets.xcassets */ = {isa = PBXFileReference; lastKnownFileType = folder.assetcatalog; path = Assets.xcassets; sourceTree = "<group>"; };
		73E6441E1E23A6370025563C /* Base */ = {isa = PBXFileReference; lastKnownFileType = file.storyboard; name = Base; path = Base.lproj/LaunchScreen.storyboard; sourceTree = "<group>"; };
		73E644201E23A6370025563C /* Info.plist */ = {isa = PBXFileReference; lastKnownFileType = text.plist.xml; path = Info.plist; sourceTree = "<group>"; };
		C1463B84014C933075C9638D /* Pods-ExampleReduxAuthGithub.release.xcconfig */ = {isa = PBXFileReference; includeInIndex = 1; lastKnownFileType = text.xcconfig; name = "Pods-ExampleReduxAuthGithub.release.xcconfig"; path = "Pods/Target Support Files/Pods-ExampleReduxAuthGithub/Pods-ExampleReduxAuthGithub.release.xcconfig"; sourceTree = "<group>"; };
/* End PBXFileReference section */

/* Begin PBXFrameworksBuildPhase section */
		73E6440E1E23A6370025563C /* Frameworks */ = {
			isa = PBXFrameworksBuildPhase;
			buildActionMask = 2147483647;
			files = (
				BCB3134249E656AB98E6D91C /* Pods_ExampleReduxAuthGithub.framework in Frameworks */,
			);
			runOnlyForDeploymentPostprocessing = 0;
		};
/* End PBXFrameworksBuildPhase section */

/* Begin PBXGroup section */
		538413690325DBEF81410059 /* Pods */ = {
			isa = PBXGroup;
			children = (
				008FF70C01FFD6896B7DC6D1 /* Pods-ExampleReduxAuthGithub.debug.xcconfig */,
				C1463B84014C933075C9638D /* Pods-ExampleReduxAuthGithub.release.xcconfig */,
			);
			name = Pods;
			sourceTree = "<group>";
		};
		73E644081E23A6370025563C = {
			isa = PBXGroup;
			children = (
				73E644131E23A6370025563C /* ExampleReduxAuthGithub */,
				73E644121E23A6370025563C /* Products */,
				538413690325DBEF81410059 /* Pods */,
				A885BA227B0EF587CFA2A155 /* Frameworks */,
			);
			sourceTree = "<group>";
		};
		73E644121E23A6370025563C /* Products */ = {
			isa = PBXGroup;
			children = (
				73E644111E23A6370025563C /* ExampleReduxAuthGithub.app */,
			);
			name = Products;
			sourceTree = "<group>";
		};
		73E644131E23A6370025563C /* ExampleReduxAuthGithub */ = {
			isa = PBXGroup;
			children = (
				73E644141E23A6370025563C /* AppDelegate.swift */,
				73E644161E23A6370025563C /* ViewController.swift */,
				73E644181E23A6370025563C /* Main.storyboard */,
				73E6441B1E23A6370025563C /* Assets.xcassets */,
				73E6441D1E23A6370025563C /* LaunchScreen.storyboard */,
				73E644201E23A6370025563C /* Info.plist */,
			);
			path = ExampleReduxAuthGithub;
			sourceTree = "<group>";
		};
		A885BA227B0EF587CFA2A155 /* Frameworks */ = {
			isa = PBXGroup;
			children = (
				5C2900AF60599E8579531158 /* Pods_ExampleReduxAuthGithub.framework */,
			);
			name = Frameworks;
			sourceTree = "<group>";
		};
/* End PBXGroup section */

/* Begin PBXNativeTarget section */
		73E644101E23A6370025563C /* ExampleReduxAuthGithub */ = {
			isa = PBXNativeTarget;
			buildConfigurationList = 73E644231E23A6370025563C /* Build configuration list for PBXNativeTarget "ExampleReduxAuthGithub" */;
			buildPhases = (
				9338F95707A95BF77600F2C3 /* [CP] Check Pods Manifest.lock */,
				73E6440D1E23A6370025563C /* Sources */,
				73E6440E1E23A6370025563C /* Frameworks */,
				73E6440F1E23A6370025563C /* Resources */,
				1C4BD138199AD425AE2E4C35 /* [CP] Embed Pods Frameworks */,
				5E8FF232849D7799A66130C3 /* [CP] Copy Pods Resources */,
			);
			buildRules = (
			);
			dependencies = (
			);
			name = ExampleReduxAuthGithub;
			productName = ExampleReduxAuthGithub;
			productReference = 73E644111E23A6370025563C /* ExampleReduxAuthGithub.app */;
			productType = "com.apple.product-type.application";
		};
/* End PBXNativeTarget section */

/* Begin PBXProject section */
		73E644091E23A6370025563C /* Project object */ = {
			isa = PBXProject;
			attributes = {
				LastSwiftUpdateCheck = 0820;
				LastUpgradeCheck = 0820;
				ORGANIZATIONNAME = "Thuan Tran";
				TargetAttributes = {
					73E644101E23A6370025563C = {
						CreatedOnToolsVersion = 8.2;
						ProvisioningStyle = Automatic;
					};
				};
			};
			buildConfigurationList = 73E6440C1E23A6370025563C /* Build configuration list for PBXProject "ExampleReduxAuthGithub" */;
			compatibilityVersion = "Xcode 3.2";
			developmentRegion = English;
			hasScannedForEncodings = 0;
			knownRegions = (
				en,
				Base,
			);
			mainGroup = 73E644081E23A6370025563C;
			productRefGroup = 73E644121E23A6370025563C /* Products */;
			projectDirPath = "";
			projectRoot = "";
			targets = (
				73E644101E23A6370025563C /* ExampleReduxAuthGithub */,
			);
		};
/* End PBXProject section */

/* Begin PBXResourcesBuildPhase section */
		73E6440F1E23A6370025563C /* Resources */ = {
			isa = PBXResourcesBuildPhase;
			buildActionMask = 2147483647;
			files = (
				73E6441F1E23A6370025563C /* LaunchScreen.storyboard in Resources */,
				73E6441C1E23A6370025563C /* Assets.xcassets in Resources */,
				73E6441A1E23A6370025563C /* Main.storyboard in Resources */,
			);
			runOnlyForDeploymentPostprocessing = 0;
		};
/* End PBXResourcesBuildPhase section */

/* Begin PBXShellScriptBuildPhase section */
		1C4BD138199AD425AE2E4C35 /* [CP] Embed Pods Frameworks */ = {
			isa = PBXShellScriptBuildPhase;
			buildActionMask = 2147483647;
			files = (
			);
			inputPaths = (
			);
			name = "[CP] Embed Pods Frameworks";
			outputPaths = (
			);
			runOnlyForDeploymentPostprocessing = 0;
			shellPath = /bin/sh;
			shellScript = "\"${SRCROOT}/Pods/Target Support Files/Pods-ExampleReduxAuthGithub/Pods-ExampleReduxAuthGithub-frameworks.sh\"\n";
			showEnvVarsInLog = 0;
		};
		5E8FF232849D7799A66130C3 /* [CP] Copy Pods Resources */ = {
			isa = PBXShellScriptBuildPhase;
			buildActionMask = 2147483647;
			files = (
			);
			inputPaths = (
			);
			name = "[CP] Copy Pods Resources";
			outputPaths = (
			);
			runOnlyForDeploymentPostprocessing = 0;
			shellPath = /bin/sh;
			shellScript = "\"${SRCROOT}/Pods/Target Support Files/Pods-ExampleReduxAuthGithub/Pods-ExampleReduxAuthGithub-resources.sh\"\n";
			showEnvVarsInLog = 0;
		};
		9338F95707A95BF77600F2C3 /* [CP] Check Pods Manifest.lock */ = {
			isa = PBXShellScriptBuildPhase;
			buildActionMask = 2147483647;
			files = (
			);
			inputPaths = (
			);
			name = "[CP] Check Pods Manifest.lock";
			outputPaths = (
			);
			runOnlyForDeploymentPostprocessing = 0;
			shellPath = /bin/sh;
			shellScript = "diff \"${PODS_ROOT}/../Podfile.lock\" \"${PODS_ROOT}/Manifest.lock\" > /dev/null\nif [ $? != 0 ] ; then\n    # print error to STDERR\n    echo \"error: The sandbox is not in sync with the Podfile.lock. Run 'pod install' or update your CocoaPods installation.\" >&2\n    exit 1\nfi\n";
			showEnvVarsInLog = 0;
		};
/* End PBXShellScriptBuildPhase section */

/* Begin PBXSourcesBuildPhase section */
		73E6440D1E23A6370025563C /* Sources */ = {
			isa = PBXSourcesBuildPhase;
			buildActionMask = 2147483647;
			files = (
				73E644171E23A6370025563C /* ViewController.swift in Sources */,
				73E644151E23A6370025563C /* AppDelegate.swift in Sources */,
			);
			runOnlyForDeploymentPostprocessing = 0;
		};
/* End PBXSourcesBuildPhase section */

/* Begin PBXVariantGroup section */
		73E644181E23A6370025563C /* Main.storyboard */ = {
			isa = PBXVariantGroup;
			children = (
				73E644191E23A6370025563C /* Base */,
			);
			name = Main.storyboard;
			sourceTree = "<group>";
		};
		73E6441D1E23A6370025563C /* LaunchScreen.storyboard */ = {
			isa = PBXVariantGroup;
			children = (
				73E6441E1E23A6370025563C /* Base */,
			);
			name = LaunchScreen.storyboard;
			sourceTree = "<group>";
		};
/* End PBXVariantGroup section */

/* Begin XCBuildConfiguration section */
		73E644211E23A6370025563C /* Debug */ = {
			isa = XCBuildConfiguration;
			buildSettings = {
				ALWAYS_SEARCH_USER_PATHS = NO;
				CLANG_ANALYZER_NONNULL = YES;
				CLANG_CXX_LANGUAGE_STANDARD = "gnu++0x";
				CLANG_CXX_LIBRARY = "libc++";
				CLANG_ENABLE_MODULES = YES;
				CLANG_ENABLE_OBJC_ARC = YES;
				CLANG_WARN_BOOL_CONVERSION = YES;
				CLANG_WARN_CONSTANT_CONVERSION = YES;
				CLANG_WARN_DIRECT_OBJC_ISA_USAGE = YES_ERROR;
				CLANG_WARN_DOCUMENTATION_COMMENTS = YES;
				CLANG_WARN_EMPTY_BODY = YES;
				CLANG_WARN_ENUM_CONVERSION = YES;
				CLANG_WARN_INFINITE_RECURSION = YES;
				CLANG_WARN_INT_CONVERSION = YES;
				CLANG_WARN_OBJC_ROOT_CLASS = YES_ERROR;
				CLANG_WARN_SUSPICIOUS_MOVE = YES;
				CLANG_WARN_UNREACHABLE_CODE = YES;
				CLANG_WARN__DUPLICATE_METHOD_MATCH = YES;
				"CODE_SIGN_IDENTITY[sdk=iphoneos*]" = "iPhone Developer";
				COPY_PHASE_STRIP = NO;
				DEBUG_INFORMATION_FORMAT = dwarf;
				ENABLE_STRICT_OBJC_MSGSEND = YES;
				ENABLE_TESTABILITY = YES;
				GCC_C_LANGUAGE_STANDARD = gnu99;
				GCC_DYNAMIC_NO_PIC = NO;
				GCC_NO_COMMON_BLOCKS = YES;
				GCC_OPTIMIZATION_LEVEL = 0;
				GCC_PREPROCESSOR_DEFINITIONS = (
					"DEBUG=1",
					"$(inherited)",
				);
				GCC_WARN_64_TO_32_BIT_CONVERSION = YES;
				GCC_WARN_ABOUT_RETURN_TYPE = YES_ERROR;
				GCC_WARN_UNDECLARED_SELECTOR = YES;
				GCC_WARN_UNINITIALIZED_AUTOS = YES_AGGRESSIVE;
				GCC_WARN_UNUSED_FUNCTION = YES;
				GCC_WARN_UNUSED_VARIABLE = YES;
				IPHONEOS_DEPLOYMENT_TARGET = 10.2;
				MTL_ENABLE_DEBUG_INFO = YES;
				ONLY_ACTIVE_ARCH = YES;
				SDKROOT = iphoneos;
				SWIFT_ACTIVE_COMPILATION_CONDITIONS = DEBUG;
				SWIFT_OPTIMIZATION_LEVEL = "-Onone";
			};
			name = Debug;
		};
		73E644221E23A6370025563C /* Release */ = {
			isa = XCBuildConfiguration;
			buildSettings = {
				ALWAYS_SEARCH_USER_PATHS = NO;
				CLANG_ANALYZER_NONNULL = YES;
				CLANG_CXX_LANGUAGE_STANDARD = "gnu++0x";
				CLANG_CXX_LIBRARY = "libc++";
				CLANG_ENABLE_MODULES = YES;
				CLANG_ENABLE_OBJC_ARC = YES;
				CLANG_WARN_BOOL_CONVERSION = YES;
				CLANG_WARN_CONSTANT_CONVERSION = YES;
				CLANG_WARN_DIRECT_OBJC_ISA_USAGE = YES_ERROR;
				CLANG_WARN_DOCUMENTATION_COMMENTS = YES;
				CLANG_WARN_EMPTY_BODY = YES;
				CLANG_WARN_ENUM_CONVERSION = YES;
				CLANG_WARN_INFINITE_RECURSION = YES;
				CLANG_WARN_INT_CONVERSION = YES;
				CLANG_WARN_OBJC_ROOT_CLASS = YES_ERROR;
				CLANG_WARN_SUSPICIOUS_MOVE = YES;
				CLANG_WARN_UNREACHABLE_CODE = YES;
				CLANG_WARN__DUPLICATE_METHOD_MATCH = YES;
				"CODE_SIGN_IDENTITY[sdk=iphoneos*]" = "iPhone Developer";
				COPY_PHASE_STRIP = NO;
				DEBUG_INFORMATION_FORMAT = "dwarf-with-dsym";
				ENABLE_NS_ASSERTIONS = NO;
				ENABLE_STRICT_OBJC_MSGSEND = YES;
				GCC_C_LANGUAGE_STANDARD = gnu99;
				GCC_NO_COMMON_BLOCKS = YES;
				GCC_WARN_64_TO_32_BIT_CONVERSION = YES;
				GCC_WARN_ABOUT_RETURN_TYPE = YES_ERROR;
				GCC_WARN_UNDECLARED_SELECTOR = YES;
				GCC_WARN_UNINITIALIZED_AUTOS = YES_AGGRESSIVE;
				GCC_WARN_UNUSED_FUNCTION = YES;
				GCC_WARN_UNUSED_VARIABLE = YES;
				IPHONEOS_DEPLOYMENT_TARGET = 10.2;
				MTL_ENABLE_DEBUG_INFO = NO;
				SDKROOT = iphoneos;
				SWIFT_OPTIMIZATION_LEVEL = "-Owholemodule";
				VALIDATE_PRODUCT = YES;
			};
			name = Release;
		};
		73E644241E23A6370025563C /* Debug */ = {
			isa = XCBuildConfiguration;
			baseConfigurationReference = 008FF70C01FFD6896B7DC6D1 /* Pods-ExampleReduxAuthGithub.debug.xcconfig */;
			buildSettings = {
				ASSETCATALOG_COMPILER_APPICON_NAME = AppIcon;
				INFOPLIST_FILE = ExampleReduxAuthGithub/Info.plist;
				LD_RUNPATH_SEARCH_PATHS = "$(inherited) @executable_path/Frameworks";
				PRODUCT_BUNDLE_IDENTIFIER = com.thuan.ExampleReduxAuthGithub;
				PRODUCT_NAME = "$(TARGET_NAME)";
				SWIFT_VERSION = 3.0;
			};
			name = Debug;
		};
		73E644251E23A6370025563C /* Release */ = {
			isa = XCBuildConfiguration;
			baseConfigurationReference = C1463B84014C933075C9638D /* Pods-ExampleReduxAuthGithub.release.xcconfig */;
			buildSettings = {
				ASSETCATALOG_COMPILER_APPICON_NAME = AppIcon;
				INFOPLIST_FILE = ExampleReduxAuthGithub/Info.plist;
				LD_RUNPATH_SEARCH_PATHS = "$(inherited) @executable_path/Frameworks";
				PRODUCT_BUNDLE_IDENTIFIER = com.thuan.ExampleReduxAuthGithub;
				PRODUCT_NAME = "$(TARGET_NAME)";
				SWIFT_VERSION = 3.0;
			};
			name = Release;
		};
/* End XCBuildConfiguration section */

/* Begin XCConfigurationList section */
		73E6440C1E23A6370025563C /* Build configuration list for PBXProject "ExampleReduxAuthGithub" */ = {
			isa = XCConfigurationList;
			buildConfigurations = (
				73E644211E23A6370025563C /* Debug */,
				73E644221E23A6370025563C /* Release */,
			);
			defaultConfigurationIsVisible = 0;
			defaultConfigurationName = Release;
		};
		73E644231E23A6370025563C /* Build configuration list for PBXNativeTarget "ExampleReduxAuthGithub" */ = {
			isa = XCConfigurationList;
			buildConfigurations = (
				73E644241E23A6370025563C /* Debug */,
				73E644251E23A6370025563C /* Release */,
			);
			defaultConfigurationIsVisible = 0;
		};
/* End XCConfigurationList section */
	};
	rootObject = 73E644091E23A6370025563C /* Project object */;
}
